
Microsoft Visual Studio Solution File, Format Version 12.00
# Visual Studio 15
VisualStudioVersion = 15.0.27428.2037
MinimumVisualStudioVersion = 10.0.40219.1
Project("{FAE04EC0-301F-11D3-BF4B-00C04F79EFBC}") = "Test 2018", "Test 2018\Test 2018.csproj", "{471A72EF-B933-4DF2-8496-D3479545EBDD}"
EndProject
Global
	GlobalSection(SolutionConfigurationPlatforms) = preSolution
		Debug|Any CPU = Debug|Any CPU
		Release|Any CPU = Release|Any CPU
	EndGlobalSection
	GlobalSection(ProjectConfigurationPlatforms) = postSolution
		{471A72EF-B933-4DF2-8496-D3479545EBDD}.Debug|Any CPU.ActiveCfg = Debug|Any CPU
		{471A72EF-B933-4DF2-8496-D3479545EBDD}.Debug|Any CPU.Build.0 = Debug|Any CPU
		{471A72EF-B933-4DF2-8496-D3479545EBDD}.Release|Any CPU.ActiveCfg = Release|Any CPU
		{471A72EF-B933-4DF2-8496-D3479545EBDD}.Release|Any CPU.Build.0 = Release|Any CPU
	EndGlobalSection
	GlobalSection(SolutionProperties) = preSolution
		HideSolutionNode = FALSE
	EndGlobalSection
	GlobalSection(ExtensibilityGlobals) = postSolution
		SolutionGuid = {F2367F25-0697-45B7-9B89-B55FDFFADDFB}
	EndGlobalSection
EndGlobal
